
Microsoft Visual Studio Solution File, Format Version 12.00
# Visual Studio Version 17
VisualStudioVersion = 17.1.32421.90
MinimumVisualStudioVersion = 10.0.40219.1
Project("{9A19103F-16F7-4668-BE54-9A1E7A4F7556}") = "geduta.com", "geduta.com.csproj", "{5E71DA3F-4116-4F1E-BEF9-F791F2BA9542}"
EndProject
Global
	GlobalSection(SolutionConfigurationPlatforms) = preSolution
		Debug|Any CPU = Debug|Any CPU
		Release|Any CPU = Release|Any CPU
	EndGlobalSection
	GlobalSection(ProjectConfigurationPlatforms) = postSolution
		{5E71DA3F-4116-4F1E-BEF9-F791F2BA9542}.Debug|Any CPU.ActiveCfg = Debug|Any CPU
		{5E71DA3F-4116-4F1E-BEF9-F791F2BA9542}.Debug|Any CPU.Build.0 = Debug|Any CPU
		{5E71DA3F-4116-4F1E-BEF9-F791F2BA9542}.Release|Any CPU.ActiveCfg = Release|Any CPU
		{5E71DA3F-4116-4F1E-BEF9-F791F2BA9542}.Release|Any CPU.Build.0 = Release|Any CPU
	EndGlobalSection
	GlobalSection(SolutionProperties) = preSolution
		HideSolutionNode = FALSE
	EndGlobalSection
	GlobalSection(ExtensibilityGlobals) = postSolution
		SolutionGuid = {524FEBB3-EC2C-4456-BCF1-2725A8373BD6}
	EndGlobalSection
EndGlobal
